// !$*UTF8*$!
{
	archiveVersion = 1;
	classes = {
	};
	objectVersion = 50;
	objects = {

/* Begin PBXBuildFile section */
		4AB6B39E240B135F0077B6EC /* IRC.h in Headers */ = {isa = PBXBuildFile; fileRef = 4AB6B39C240B135F0077B6EC /* IRC.h */; settings = {ATTRIBUTES = (Public, ); }; };
		4AB6B3B3240B149D0077B6EC /* IRCUser.swift in Sources */ = {isa = PBXBuildFile; fileRef = 4AB6B3B2240B149D0077B6EC /* IRCUser.swift */; };
		4AB6B3B5240B14BE0077B6EC /* IRCServer.swift in Sources */ = {isa = PBXBuildFile; fileRef = 4AB6B3B4240B14BE0077B6EC /* IRCServer.swift */; };
		4AB6B3E1240B16F70077B6EC /* IRCUser.swift in Sources */ = {isa = PBXBuildFile; fileRef = 4AB6B3B2240B149D0077B6EC /* IRCUser.swift */; };
		4AB6B3E2240B16F70077B6EC /* IRCServer.swift in Sources */ = {isa = PBXBuildFile; fileRef = 4AB6B3B4240B14BE0077B6EC /* IRCServer.swift */; };
		4AB6B3E3240B16FA0077B6EC /* IRC.h in Headers */ = {isa = PBXBuildFile; fileRef = 4AB6B39C240B135F0077B6EC /* IRC.h */; settings = {ATTRIBUTES = (Public, ); }; };
		4AB6B3ED240B28C80077B6EC /* IRCMessage.swift in Sources */ = {isa = PBXBuildFile; fileRef = 4AB6B3EC240B28C80077B6EC /* IRCMessage.swift */; };
		4AB6B3EF240B29690077B6EC /* IRCCommand.swift in Sources */ = {isa = PBXBuildFile; fileRef = 4AB6B3EE240B29690077B6EC /* IRCCommand.swift */; };
		4ABA40D8240BDB4D00F110F4 /* IRCMessage.swift in Sources */ = {isa = PBXBuildFile; fileRef = 4AB6B3EC240B28C80077B6EC /* IRCMessage.swift */; };
		4ABA40D9240BDB5100F110F4 /* IRCCommand.swift in Sources */ = {isa = PBXBuildFile; fileRef = 4AB6B3EE240B29690077B6EC /* IRCCommand.swift */; };
		4ABA40DB240C2E9B00F110F4 /* IRCServerDelegate.swift in Sources */ = {isa = PBXBuildFile; fileRef = 4ABA40DA240C2E9B00F110F4 /* IRCServerDelegate.swift */; };
		4ABA40DC240C2E9B00F110F4 /* IRCServerDelegate.swift in Sources */ = {isa = PBXBuildFile; fileRef = 4ABA40DA240C2E9B00F110F4 /* IRCServerDelegate.swift */; };
		4ABA40DE240C2F5900F110F4 /* IRCNumericResponse.swift in Sources */ = {isa = PBXBuildFile; fileRef = 4ABA40DD240C2F5900F110F4 /* IRCNumericResponse.swift */; };
		4ABA40DF240C2F5900F110F4 /* IRCNumericResponse.swift in Sources */ = {isa = PBXBuildFile; fileRef = 4ABA40DD240C2F5900F110F4 /* IRCNumericResponse.swift */; };
/* End PBXBuildFile section */

/* Begin PBXFileReference section */
		4AB6B399240B135F0077B6EC /* IRC.framework */ = {isa = PBXFileReference; explicitFileType = wrapper.framework; includeInIndex = 0; path = IRC.framework; sourceTree = BUILT_PRODUCTS_DIR; };
		4AB6B39C240B135F0077B6EC /* IRC.h */ = {isa = PBXFileReference; lastKnownFileType = sourcecode.c.h; path = IRC.h; sourceTree = "<group>"; };
		4AB6B39D240B135F0077B6EC /* Info-iOS.plist */ = {isa = PBXFileReference; lastKnownFileType = text.plist.xml; path = "Info-iOS.plist"; sourceTree = "<group>"; };
		4AB6B3B1240B14720077B6EC /* README.md */ = {isa = PBXFileReference; lastKnownFileType = net.daringfireball.markdown; path = README.md; sourceTree = "<group>"; };
		4AB6B3B2240B149D0077B6EC /* IRCUser.swift */ = {isa = PBXFileReference; lastKnownFileType = sourcecode.swift; path = IRCUser.swift; sourceTree = "<group>"; };
		4AB6B3B4240B14BE0077B6EC /* IRCServer.swift */ = {isa = PBXFileReference; lastKnownFileType = sourcecode.swift; path = IRCServer.swift; sourceTree = "<group>"; };
		4AB6B3D9240B169B0077B6EC /* IRC.framework */ = {isa = PBXFileReference; explicitFileType = wrapper.framework; includeInIndex = 0; path = IRC.framework; sourceTree = BUILT_PRODUCTS_DIR; };
		4AB6B3DC240B169B0077B6EC /* Info-macOS.plist */ = {isa = PBXFileReference; lastKnownFileType = text.plist.xml; path = "Info-macOS.plist"; sourceTree = "<group>"; };
		4AB6B3EC240B28C80077B6EC /* IRCMessage.swift */ = {isa = PBXFileReference; lastKnownFileType = sourcecode.swift; path = IRCMessage.swift; sourceTree = "<group>"; };
		4AB6B3EE240B29690077B6EC /* IRCCommand.swift */ = {isa = PBXFileReference; lastKnownFileType = sourcecode.swift; path = IRCCommand.swift; sourceTree = "<group>"; };
		4ABA40DA240C2E9B00F110F4 /* IRCServerDelegate.swift */ = {isa = PBXFileReference; lastKnownFileType = sourcecode.swift; path = IRCServerDelegate.swift; sourceTree = "<group>"; };
		4ABA40DD240C2F5900F110F4 /* IRCNumericResponse.swift */ = {isa = PBXFileReference; lastKnownFileType = sourcecode.swift; path = IRCNumericResponse.swift; sourceTree = "<group>"; };
		4AF5B45E24E3E5090046EA29 /* EXAMPLE.md */ = {isa = PBXFileReference; lastKnownFileType = net.daringfireball.markdown; path = EXAMPLE.md; sourceTree = "<group>"; };
/* End PBXFileReference section */

/* Begin PBXFrameworksBuildPhase section */
		4AB6B396240B135F0077B6EC /* Frameworks */ = {
			isa = PBXFrameworksBuildPhase;
			buildActionMask = 2147483647;
			files = (
			);
			runOnlyForDeploymentPostprocessing = 0;
		};
		4AB6B3D6240B169B0077B6EC /* Frameworks */ = {
			isa = PBXFrameworksBuildPhase;
			buildActionMask = 2147483647;
			files = (
			);
			runOnlyForDeploymentPostprocessing = 0;
		};
/* End PBXFrameworksBuildPhase section */

/* Begin PBXGroup section */
		4AB6B38D240B13120077B6EC = {
			isa = PBXGroup;
			children = (
				4AB6B3B1240B14720077B6EC /* README.md */,
				4AF5B45E24E3E5090046EA29 /* EXAMPLE.md */,
				4AB6B3AF240B137D0077B6EC /* Sources */,
				4AB6B39A240B135F0077B6EC /* Products */,
			);
			sourceTree = "<group>";
		};
		4AB6B39A240B135F0077B6EC /* Products */ = {
			isa = PBXGroup;
			children = (
				4AB6B399240B135F0077B6EC /* IRC.framework */,
				4AB6B3D9240B169B0077B6EC /* IRC.framework */,
			);
			name = Products;
			sourceTree = "<group>";
		};
		4AB6B3AF240B137D0077B6EC /* Sources */ = {
			isa = PBXGroup;
			children = (
				4AB6B39C240B135F0077B6EC /* IRC.h */,
				4AB6B39D240B135F0077B6EC /* Info-iOS.plist */,
				4AB6B3DC240B169B0077B6EC /* Info-macOS.plist */,
				4AB6B3B2240B149D0077B6EC /* IRCUser.swift */,
				4AB6B3B4240B14BE0077B6EC /* IRCServer.swift */,
				4ABA40DA240C2E9B00F110F4 /* IRCServerDelegate.swift */,
				4AB6B3EC240B28C80077B6EC /* IRCMessage.swift */,
				4AB6B3EE240B29690077B6EC /* IRCCommand.swift */,
				4ABA40DD240C2F5900F110F4 /* IRCNumericResponse.swift */,
			);
			path = Sources;
			sourceTree = "<group>";
		};
/* End PBXGroup section */

/* Begin PBXHeadersBuildPhase section */
		4AB6B394240B135F0077B6EC /* Headers */ = {
			isa = PBXHeadersBuildPhase;
			buildActionMask = 2147483647;
			files = (
				4AB6B39E240B135F0077B6EC /* IRC.h in Headers */,
			);
			runOnlyForDeploymentPostprocessing = 0;
		};
		4AB6B3D4240B169B0077B6EC /* Headers */ = {
			isa = PBXHeadersBuildPhase;
			buildActionMask = 2147483647;
			files = (
				4AB6B3E3240B16FA0077B6EC /* IRC.h in Headers */,
			);
			runOnlyForDeploymentPostprocessing = 0;
		};
/* End PBXHeadersBuildPhase section */

/* Begin PBXNativeTarget section */
		4AB6B398240B135F0077B6EC /* IRC iOS */ = {
			isa = PBXNativeTarget;
			buildConfigurationList = 4AB6B39F240B135F0077B6EC /* Build configuration list for PBXNativeTarget "IRC iOS" */;
			buildPhases = (
				4AB6B394240B135F0077B6EC /* Headers */,
				4AB6B395240B135F0077B6EC /* Sources */,
				4AB6B396240B135F0077B6EC /* Frameworks */,
				4AB6B397240B135F0077B6EC /* Resources */,
			);
			buildRules = (
			);
			dependencies = (
			);
			name = "IRC iOS";
			productName = "IRC iOS";
			productReference = 4AB6B399240B135F0077B6EC /* IRC.framework */;
			productType = "com.apple.product-type.framework";
		};
		4AB6B3D8240B169B0077B6EC /* IRC macOS */ = {
			isa = PBXNativeTarget;
			buildConfigurationList = 4AB6B3DE240B169B0077B6EC /* Build configuration list for PBXNativeTarget "IRC macOS" */;
			buildPhases = (
				4AB6B3D4240B169B0077B6EC /* Headers */,
				4AB6B3D5240B169B0077B6EC /* Sources */,
				4AB6B3D6240B169B0077B6EC /* Frameworks */,
				4AB6B3D7240B169B0077B6EC /* Resources */,
			);
			buildRules = (
			);
			dependencies = (
			);
			name = "IRC macOS";
			productName = "IRC macOS";
			productReference = 4AB6B3D9240B169B0077B6EC /* IRC.framework */;
			productType = "com.apple.product-type.framework";
		};
/* End PBXNativeTarget section */

/* Begin PBXProject section */
		4AB6B38E240B13120077B6EC /* Project object */ = {
			isa = PBXProject;
			attributes = {
				LastUpgradeCheck = 1130;
				TargetAttributes = {
					4AB6B398240B135F0077B6EC = {
						CreatedOnToolsVersion = 11.3.1;
						LastSwiftMigration = 1130;
					};
					4AB6B3D8240B169B0077B6EC = {
						CreatedOnToolsVersion = 11.3.1;
					};
				};
			};
			buildConfigurationList = 4AB6B391240B13120077B6EC /* Build configuration list for PBXProject "IRC" */;
			compatibilityVersion = "Xcode 9.3";
			developmentRegion = en;
			hasScannedForEncodings = 0;
			knownRegions = (
				en,
				Base,
			);
			mainGroup = 4AB6B38D240B13120077B6EC;
			productRefGroup = 4AB6B39A240B135F0077B6EC /* Products */;
			projectDirPath = "";
			projectRoot = "";
			targets = (
				4AB6B398240B135F0077B6EC /* IRC iOS */,
				4AB6B3D8240B169B0077B6EC /* IRC macOS */,
			);
		};
/* End PBXProject section */

/* Begin PBXResourcesBuildPhase section */
		4AB6B397240B135F0077B6EC /* Resources */ = {
			isa = PBXResourcesBuildPhase;
			buildActionMask = 2147483647;
			files = (
			);
			runOnlyForDeploymentPostprocessing = 0;
		};
		4AB6B3D7240B169B0077B6EC /* Resources */ = {
			isa = PBXResourcesBuildPhase;
			buildActionMask = 2147483647;
			files = (
			);
			runOnlyForDeploymentPostprocessing = 0;
		};
/* End PBXResourcesBuildPhase section */

/* Begin PBXSourcesBuildPhase section */
		4AB6B395240B135F0077B6EC /* Sources */ = {
			isa = PBXSourcesBuildPhase;
			buildActionMask = 2147483647;
			files = (
				4AB6B3EF240B29690077B6EC /* IRCCommand.swift in Sources */,
				4AB6B3B3240B149D0077B6EC /* IRCUser.swift in Sources */,
				4AB6B3B5240B14BE0077B6EC /* IRCServer.swift in Sources */,
				4ABA40DB240C2E9B00F110F4 /* IRCServerDelegate.swift in Sources */,
				4AB6B3ED240B28C80077B6EC /* IRCMessage.swift in Sources */,
				4ABA40DE240C2F5900F110F4 /* IRCNumericResponse.swift in Sources */,
			);
			runOnlyForDeploymentPostprocessing = 0;
		};
		4AB6B3D5240B169B0077B6EC /* Sources */ = {
			isa = PBXSourcesBuildPhase;
			buildActionMask = 2147483647;
			files = (
				4ABA40D9240BDB5100F110F4 /* IRCCommand.swift in Sources */,
				4AB6B3E1240B16F70077B6EC /* IRCUser.swift in Sources */,
				4ABA40D8240BDB4D00F110F4 /* IRCMessage.swift in Sources */,
				4ABA40DC240C2E9B00F110F4 /* IRCServerDelegate.swift in Sources */,
				4AB6B3E2240B16F70077B6EC /* IRCServer.swift in Sources */,
				4ABA40DF240C2F5900F110F4 /* IRCNumericResponse.swift in Sources */,
			);
			runOnlyForDeploymentPostprocessing = 0;
		};
/* End PBXSourcesBuildPhase section */

/* Begin XCBuildConfiguration section */
		4AB6B392240B13120077B6EC /* Debug */ = {
			isa = XCBuildConfiguration;
			buildSettings = {
				PRODUCT_NAME = "$(PROJECT_NAME)";
			};
			name = Debug;
		};
		4AB6B393240B13120077B6EC /* Release */ = {
			isa = XCBuildConfiguration;
			buildSettings = {
				PRODUCT_NAME = "$(PROJECT_NAME)";
			};
			name = Release;
		};
		4AB6B3A0240B135F0077B6EC /* Debug */ = {
			isa = XCBuildConfiguration;
			buildSettings = {
				ALWAYS_SEARCH_USER_PATHS = NO;
				CLANG_ANALYZER_NONNULL = YES;
				CLANG_ANALYZER_NUMBER_OBJECT_CONVERSION = YES_AGGRESSIVE;
				CLANG_CXX_LANGUAGE_STANDARD = "gnu++14";
				CLANG_CXX_LIBRARY = "libc++";
				CLANG_ENABLE_MODULES = YES;
				CLANG_ENABLE_OBJC_ARC = YES;
				CLANG_ENABLE_OBJC_WEAK = YES;
				CLANG_WARN_BLOCK_CAPTURE_AUTORELEASING = YES;
				CLANG_WARN_BOOL_CONVERSION = YES;
				CLANG_WARN_COMMA = YES;
				CLANG_WARN_CONSTANT_CONVERSION = YES;
				CLANG_WARN_DEPRECATED_OBJC_IMPLEMENTATIONS = YES;
				CLANG_WARN_DIRECT_OBJC_ISA_USAGE = YES_ERROR;
				CLANG_WARN_DOCUMENTATION_COMMENTS = YES;
				CLANG_WARN_EMPTY_BODY = YES;
				CLANG_WARN_ENUM_CONVERSION = YES;
				CLANG_WARN_INFINITE_RECURSION = YES;
				CLANG_WARN_INT_CONVERSION = YES;
				CLANG_WARN_NON_LITERAL_NULL_CONVERSION = YES;
				CLANG_WARN_OBJC_IMPLICIT_RETAIN_SELF = YES;
				CLANG_WARN_OBJC_LITERAL_CONVERSION = YES;
				CLANG_WARN_OBJC_ROOT_CLASS = YES_ERROR;
				CLANG_WARN_RANGE_LOOP_ANALYSIS = YES;
				CLANG_WARN_STRICT_PROTOTYPES = YES;
				CLANG_WARN_SUSPICIOUS_MOVE = YES;
				CLANG_WARN_UNGUARDED_AVAILABILITY = YES_AGGRESSIVE;
				CLANG_WARN_UNREACHABLE_CODE = YES;
				CLANG_WARN__DUPLICATE_METHOD_MATCH = YES;
				CODE_SIGN_STYLE = Automatic;
				COPY_PHASE_STRIP = NO;
				CURRENT_PROJECT_VERSION = 1;
				DEBUG_INFORMATION_FORMAT = dwarf;
				DEFINES_MODULE = YES;
				DEVELOPMENT_TEAM = SLPKGJLP4A;
				DYLIB_COMPATIBILITY_VERSION = 1;
				DYLIB_CURRENT_VERSION = 1;
				DYLIB_INSTALL_NAME_BASE = "@rpath";
				ENABLE_STRICT_OBJC_MSGSEND = YES;
				ENABLE_TESTABILITY = YES;
				GCC_C_LANGUAGE_STANDARD = gnu11;
				GCC_DYNAMIC_NO_PIC = NO;
				GCC_NO_COMMON_BLOCKS = YES;
				GCC_OPTIMIZATION_LEVEL = 0;
				GCC_PREPROCESSOR_DEFINITIONS = (
					"DEBUG=1",
					"$(inherited)",
				);
				GCC_WARN_64_TO_32_BIT_CONVERSION = YES;
				GCC_WARN_ABOUT_RETURN_TYPE = YES_ERROR;
				GCC_WARN_UNDECLARED_SELECTOR = YES;
				GCC_WARN_UNINITIALIZED_AUTOS = YES_AGGRESSIVE;
				GCC_WARN_UNUSED_FUNCTION = YES;
				GCC_WARN_UNUSED_VARIABLE = YES;
				INFOPLIST_FILE = "Sources/Info-iOS.plist";
				INSTALL_PATH = "$(LOCAL_LIBRARY_DIR)/Frameworks";
				IPHONEOS_DEPLOYMENT_TARGET = 13.2;
				LD_RUNPATH_SEARCH_PATHS = (
					"$(inherited)",
					"@executable_path/Frameworks",
					"@loader_path/Frameworks",
				);
				MTL_ENABLE_DEBUG_INFO = INCLUDE_SOURCE;
				MTL_FAST_MATH = YES;
				ONLY_ACTIVE_ARCH = YES;
				PRODUCT_BUNDLE_IDENTIFIER = "city.harry.$(PROJECT_NAME)";
				SDKROOT = iphoneos;
				SKIP_INSTALL = YES;
				SWIFT_ACTIVE_COMPILATION_CONDITIONS = DEBUG;
				SWIFT_OPTIMIZATION_LEVEL = "-Onone";
				SWIFT_VERSION = 5.0;
				TARGETED_DEVICE_FAMILY = "1,2";
				VERSIONING_SYSTEM = "apple-generic";
				VERSION_INFO_PREFIX = "";
			};
			name = Debug;
		};
		4AB6B3A1240B135F0077B6EC /* Release */ = {
			isa = XCBuildConfiguration;
			buildSettings = {
				ALWAYS_SEARCH_USER_PATHS = NO;
				CLANG_ANALYZER_NONNULL = YES;
				CLANG_ANALYZER_NUMBER_OBJECT_CONVERSION = YES_AGGRESSIVE;
				CLANG_CXX_LANGUAGE_STANDARD = "gnu++14";
				CLANG_CXX_LIBRARY = "libc++";
				CLANG_ENABLE_MODULES = YES;
				CLANG_ENABLE_OBJC_ARC = YES;
				CLANG_ENABLE_OBJC_WEAK = YES;
				CLANG_WARN_BLOCK_CAPTURE_AUTORELEASING = YES;
				CLANG_WARN_BOOL_CONVERSION = YES;
				CLANG_WARN_COMMA = YES;
				CLANG_WARN_CONSTANT_CONVERSION = YES;
				CLANG_WARN_DEPRECATED_OBJC_IMPLEMENTATIONS = YES;
				CLANG_WARN_DIRECT_OBJC_ISA_USAGE = YES_ERROR;
				CLANG_WARN_DOCUMENTATION_COMMENTS = YES;
				CLANG_WARN_EMPTY_BODY = YES;
				CLANG_WARN_ENUM_CONVERSION = YES;
				CLANG_WARN_INFINITE_RECURSION = YES;
				CLANG_WARN_INT_CONVERSION = YES;
				CLANG_WARN_NON_LITERAL_NULL_CONVERSION = YES;
				CLANG_WARN_OBJC_IMPLICIT_RETAIN_SELF = YES;
				CLANG_WARN_OBJC_LITERAL_CONVERSION = YES;
				CLANG_WARN_OBJC_ROOT_CLASS = YES_ERROR;
				CLANG_WARN_RANGE_LOOP_ANALYSIS = YES;
				CLANG_WARN_STRICT_PROTOTYPES = YES;
				CLANG_WARN_SUSPICIOUS_MOVE = YES;
				CLANG_WARN_UNGUARDED_AVAILABILITY = YES_AGGRESSIVE;
				CLANG_WARN_UNREACHABLE_CODE = YES;
				CLANG_WARN__DUPLICATE_METHOD_MATCH = YES;
				CODE_SIGN_STYLE = Automatic;
				COPY_PHASE_STRIP = NO;
				CURRENT_PROJECT_VERSION = 1;
				DEBUG_INFORMATION_FORMAT = "dwarf-with-dsym";
				DEFINES_MODULE = YES;
				DEVELOPMENT_TEAM = SLPKGJLP4A;
				DYLIB_COMPATIBILITY_VERSION = 1;
				DYLIB_CURRENT_VERSION = 1;
				DYLIB_INSTALL_NAME_BASE = "@rpath";
				ENABLE_NS_ASSERTIONS = NO;
				ENABLE_STRICT_OBJC_MSGSEND = YES;
				GCC_C_LANGUAGE_STANDARD = gnu11;
				GCC_NO_COMMON_BLOCKS = YES;
				GCC_WARN_64_TO_32_BIT_CONVERSION = YES;
				GCC_WARN_ABOUT_RETURN_TYPE = YES_ERROR;
				GCC_WARN_UNDECLARED_SELECTOR = YES;
				GCC_WARN_UNINITIALIZED_AUTOS = YES_AGGRESSIVE;
				GCC_WARN_UNUSED_FUNCTION = YES;
				GCC_WARN_UNUSED_VARIABLE = YES;
				INFOPLIST_FILE = "Sources/Info-iOS.plist";
				INSTALL_PATH = "$(LOCAL_LIBRARY_DIR)/Frameworks";
				IPHONEOS_DEPLOYMENT_TARGET = 13.2;
				LD_RUNPATH_SEARCH_PATHS = (
					"$(inherited)",
					"@executable_path/Frameworks",
					"@loader_path/Frameworks",
				);
				MTL_ENABLE_DEBUG_INFO = NO;
				MTL_FAST_MATH = YES;
				PRODUCT_BUNDLE_IDENTIFIER = "city.harry.$(PROJECT_NAME)";
				SDKROOT = iphoneos;
				SKIP_INSTALL = YES;
				SWIFT_COMPILATION_MODE = wholemodule;
				SWIFT_OPTIMIZATION_LEVEL = "-O";
				SWIFT_VERSION = 5.0;
				TARGETED_DEVICE_FAMILY = "1,2";
				VALIDATE_PRODUCT = YES;
				VERSIONING_SYSTEM = "apple-generic";
				VERSION_INFO_PREFIX = "";
			};
			name = Release;
		};
		4AB6B3DF240B169B0077B6EC /* Debug */ = {
			isa = XCBuildConfiguration;
			buildSettings = {
				ALWAYS_SEARCH_USER_PATHS = NO;
				CLANG_ANALYZER_NONNULL = YES;
				CLANG_ANALYZER_NUMBER_OBJECT_CONVERSION = YES_AGGRESSIVE;
				CLANG_CXX_LANGUAGE_STANDARD = "gnu++14";
				CLANG_CXX_LIBRARY = "libc++";
				CLANG_ENABLE_MODULES = YES;
				CLANG_ENABLE_OBJC_ARC = YES;
				CLANG_ENABLE_OBJC_WEAK = YES;
				CLANG_WARN_BLOCK_CAPTURE_AUTORELEASING = YES;
				CLANG_WARN_BOOL_CONVERSION = YES;
				CLANG_WARN_COMMA = YES;
				CLANG_WARN_CONSTANT_CONVERSION = YES;
				CLANG_WARN_DEPRECATED_OBJC_IMPLEMENTATIONS = YES;
				CLANG_WARN_DIRECT_OBJC_ISA_USAGE = YES_ERROR;
				CLANG_WARN_DOCUMENTATION_COMMENTS = YES;
				CLANG_WARN_EMPTY_BODY = YES;
				CLANG_WARN_ENUM_CONVERSION = YES;
				CLANG_WARN_INFINITE_RECURSION = YES;
				CLANG_WARN_INT_CONVERSION = YES;
				CLANG_WARN_NON_LITERAL_NULL_CONVERSION = YES;
				CLANG_WARN_OBJC_IMPLICIT_RETAIN_SELF = YES;
				CLANG_WARN_OBJC_LITERAL_CONVERSION = YES;
				CLANG_WARN_OBJC_ROOT_CLASS = YES_ERROR;
				CLANG_WARN_RANGE_LOOP_ANALYSIS = YES;
				CLANG_WARN_STRICT_PROTOTYPES = YES;
				CLANG_WARN_SUSPICIOUS_MOVE = YES;
				CLANG_WARN_UNGUARDED_AVAILABILITY = YES_AGGRESSIVE;
				CLANG_WARN_UNREACHABLE_CODE = YES;
				CLANG_WARN__DUPLICATE_METHOD_MATCH = YES;
				CODE_SIGN_STYLE = Automatic;
				COMBINE_HIDPI_IMAGES = YES;
				COPY_PHASE_STRIP = NO;
				CURRENT_PROJECT_VERSION = 1;
				DEBUG_INFORMATION_FORMAT = dwarf;
				DEFINES_MODULE = YES;
				DEVELOPMENT_TEAM = SLPKGJLP4A;
				DYLIB_COMPATIBILITY_VERSION = 1;
				DYLIB_CURRENT_VERSION = 1;
				DYLIB_INSTALL_NAME_BASE = "@rpath";
				ENABLE_STRICT_OBJC_MSGSEND = YES;
				ENABLE_TESTABILITY = YES;
				GCC_C_LANGUAGE_STANDARD = gnu11;
				GCC_DYNAMIC_NO_PIC = NO;
				GCC_NO_COMMON_BLOCKS = YES;
				GCC_OPTIMIZATION_LEVEL = 0;
				GCC_PREPROCESSOR_DEFINITIONS = (
					"DEBUG=1",
					"$(inherited)",
				);
				GCC_WARN_64_TO_32_BIT_CONVERSION = YES;
				GCC_WARN_ABOUT_RETURN_TYPE = YES_ERROR;
				GCC_WARN_UNDECLARED_SELECTOR = YES;
				GCC_WARN_UNINITIALIZED_AUTOS = YES_AGGRESSIVE;
				GCC_WARN_UNUSED_FUNCTION = YES;
				GCC_WARN_UNUSED_VARIABLE = YES;
				INFOPLIST_FILE = "Sources/Info-macOS.plist";
				INSTALL_PATH = "$(LOCAL_LIBRARY_DIR)/Frameworks";
				LD_RUNPATH_SEARCH_PATHS = (
					"$(inherited)",
					"@executable_path/../Frameworks",
					"@loader_path/Frameworks",
				);
				MACOSX_DEPLOYMENT_TARGET = 10.15;
				MTL_ENABLE_DEBUG_INFO = INCLUDE_SOURCE;
				MTL_FAST_MATH = YES;
				ONLY_ACTIVE_ARCH = YES;
				PRODUCT_BUNDLE_IDENTIFIER = "city.harry.$(PROJECT_NAME)";
				PRODUCT_NAME = "$(PROJECT_NAME)";
				SDKROOT = macosx;
				SKIP_INSTALL = YES;
				SWIFT_ACTIVE_COMPILATION_CONDITIONS = DEBUG;
				SWIFT_OPTIMIZATION_LEVEL = "-Onone";
				SWIFT_VERSION = 5.0;
				VERSIONING_SYSTEM = "apple-generic";
				VERSION_INFO_PREFIX = "";
			};
			name = Debug;
		};
		4AB6B3E0240B169B0077B6EC /* Release */ = {
			isa = XCBuildConfiguration;
			buildSettings = {
				ALWAYS_SEARCH_USER_PATHS = NO;
				CLANG_ANALYZER_NONNULL = YES;
				CLANG_ANALYZER_NUMBER_OBJECT_CONVERSION = YES_AGGRESSIVE;
				CLANG_CXX_LANGUAGE_STANDARD = "gnu++14";
				CLANG_CXX_LIBRARY = "libc++";
				CLANG_ENABLE_MODULES = YES;
				CLANG_ENABLE_OBJC_ARC = YES;
				CLANG_ENABLE_OBJC_WEAK = YES;
				CLANG_WARN_BLOCK_CAPTURE_AUTORELEASING = YES;
				CLANG_WARN_BOOL_CONVERSION = YES;
				CLANG_WARN_COMMA = YES;
				CLANG_WARN_CONSTANT_CONVERSION = YES;
				CLANG_WARN_DEPRECATED_OBJC_IMPLEMENTATIONS = YES;
				CLANG_WARN_DIRECT_OBJC_ISA_USAGE = YES_ERROR;
				CLANG_WARN_DOCUMENTATION_COMMENTS = YES;
				CLANG_WARN_EMPTY_BODY = YES;
				CLANG_WARN_ENUM_CONVERSION = YES;
				CLANG_WARN_INFINITE_RECURSION = YES;
				CLANG_WARN_INT_CONVERSION = YES;
				CLANG_WARN_NON_LITERAL_NULL_CONVERSION = YES;
				CLANG_WARN_OBJC_IMPLICIT_RETAIN_SELF = YES;
				CLANG_WARN_OBJC_LITERAL_CONVERSION = YES;
				CLANG_WARN_OBJC_ROOT_CLASS = YES_ERROR;
				CLANG_WARN_RANGE_LOOP_ANALYSIS = YES;
				CLANG_WARN_STRICT_PROTOTYPES = YES;
				CLANG_WARN_SUSPICIOUS_MOVE = YES;
				CLANG_WARN_UNGUARDED_AVAILABILITY = YES_AGGRESSIVE;
				CLANG_WARN_UNREACHABLE_CODE = YES;
				CLANG_WARN__DUPLICATE_METHOD_MATCH = YES;
				CODE_SIGN_STYLE = Automatic;
				COMBINE_HIDPI_IMAGES = YES;
				COPY_PHASE_STRIP = NO;
				CURRENT_PROJECT_VERSION = 1;
				DEBUG_INFORMATION_FORMAT = "dwarf-with-dsym";
				DEFINES_MODULE = YES;
				DEVELOPMENT_TEAM = SLPKGJLP4A;
				DYLIB_COMPATIBILITY_VERSION = 1;
				DYLIB_CURRENT_VERSION = 1;
				DYLIB_INSTALL_NAME_BASE = "@rpath";
				ENABLE_NS_ASSERTIONS = NO;
				ENABLE_STRICT_OBJC_MSGSEND = YES;
				GCC_C_LANGUAGE_STANDARD = gnu11;
				GCC_NO_COMMON_BLOCKS = YES;
				GCC_WARN_64_TO_32_BIT_CONVERSION = YES;
				GCC_WARN_ABOUT_RETURN_TYPE = YES_ERROR;
				GCC_WARN_UNDECLARED_SELECTOR = YES;
				GCC_WARN_UNINITIALIZED_AUTOS = YES_AGGRESSIVE;
				GCC_WARN_UNUSED_FUNCTION = YES;
				GCC_WARN_UNUSED_VARIABLE = YES;
				INFOPLIST_FILE = "Sources/Info-macOS.plist";
				INSTALL_PATH = "$(LOCAL_LIBRARY_DIR)/Frameworks";
				LD_RUNPATH_SEARCH_PATHS = (
					"$(inherited)",
					"@executable_path/../Frameworks",
					"@loader_path/Frameworks",
				);
				MACOSX_DEPLOYMENT_TARGET = 10.15;
				MTL_ENABLE_DEBUG_INFO = NO;
				MTL_FAST_MATH = YES;
				PRODUCT_BUNDLE_IDENTIFIER = "city.harry.$(PROJECT_NAME)";
				PRODUCT_NAME = "$(PROJECT_NAME)";
				SDKROOT = macosx;
				SKIP_INSTALL = YES;
				SWIFT_COMPILATION_MODE = wholemodule;
				SWIFT_OPTIMIZATION_LEVEL = "-O";
				SWIFT_VERSION = 5.0;
				VERSIONING_SYSTEM = "apple-generic";
				VERSION_INFO_PREFIX = "";
			};
			name = Release;
		};
/* End XCBuildConfiguration section */

/* Begin XCConfigurationList section */
		4AB6B391240B13120077B6EC /* Build configuration list for PBXProject "IRC" */ = {
			isa = XCConfigurationList;
			buildConfigurations = (
				4AB6B392240B13120077B6EC /* Debug */,
				4AB6B393240B13120077B6EC /* Release */,
			);
			defaultConfigurationIsVisible = 0;
			defaultConfigurationName = Release;
		};
		4AB6B39F240B135F0077B6EC /* Build configuration list for PBXNativeTarget "IRC iOS" */ = {
			isa = XCConfigurationList;
			buildConfigurations = (
				4AB6B3A0240B135F0077B6EC /* Debug */,
				4AB6B3A1240B135F0077B6EC /* Release */,
			);
			defaultConfigurationIsVisible = 0;
			defaultConfigurationName = Release;
		};
		4AB6B3DE240B169B0077B6EC /* Build configuration list for PBXNativeTarget "IRC macOS" */ = {
			isa = XCConfigurationList;
			buildConfigurations = (
				4AB6B3DF240B169B0077B6EC /* Debug */,
				4AB6B3E0240B169B0077B6EC /* Release */,
			);
			defaultConfigurationIsVisible = 0;
			defaultConfigurationName = Release;
		};
/* End XCConfigurationList section */
	};
	rootObject = 4AB6B38E240B13120077B6EC /* Project object */;
}
